Microsoft Visual Studio Solution File, Format Version 12.00
# Visual Studio Version 17
VisualStudioVersion = 17.5.2.0
MinimumVisualStudioVersion = 10.0.40219.1
Project("{FAE04EC0-301F-11D3-BF4B-00C04F79EFBC}") = "ThePlateaus", "ThePlateaus.csproj", "{8C0AEF3A-FBAA-5EF6-796E-FF3E371846DE}"
EndProject
Global
	GlobalSection(SolutionConfigurationPlatforms) = preSolution
		Debug|Any CPU = Debug|Any CPU
		Release|Any CPU = Release|Any CPU
	EndGlobalSection
	GlobalSection(ProjectConfigurationPlatforms) = postSolution
		{8C0AEF3A-FBAA-5EF6-796E-FF3E371846DE}.Debug|Any CPU.ActiveCfg = Debug|Any CPU
		{8C0AEF3A-FBAA-5EF6-796E-FF3E371846DE}.Debug|Any CPU.Build.0 = Debug|Any CPU
		{8C0AEF3A-FBAA-5EF6-796E-FF3E371846DE}.Release|Any CPU.ActiveCfg = Release|Any CPU
		{8C0AEF3A-FBAA-5EF6-796E-FF3E371846DE}.Release|Any CPU.Build.0 = Release|Any CPU
	EndGlobalSection
	GlobalSection(SolutionProperties) = preSolution
		HideSolutionNode = FALSE
	EndGlobalSection
	GlobalSection(ExtensibilityGlobals) = postSolution
		SolutionGuid = {E709794F-F198-4D2D-8BE9-907CDDA2536D}
	EndGlobalSection
EndGlobal
